
Microsoft Visual Studio Solution File, Format Version 12.00
# Visual Studio Version 17
VisualStudioVersion = 17.12.35209.166
MinimumVisualStudioVersion = 10.0.40219.1
Project("{FAE04EC0-301F-11D3-BF4B-00C04F79EFBC}") = "ShalzuthBlog", "ShalzuthBlog\ShalzuthBlog.csproj", "{C1A60FC4-970F-46A5-8ECE-02E8B6019E94}"
EndProject
Global
	GlobalSection(SolutionConfigurationPlatforms) = preSolution
		Debug|Any CPU = Debug|Any CPU
		Release|Any CPU = Release|Any CPU
	EndGlobalSection
	GlobalSection(ProjectConfigurationPlatforms) = postSolution
		{C1A60FC4-970F-46A5-8ECE-02E8B6019E94}.Debug|Any CPU.ActiveCfg = Debug|Any CPU
		{C1A60FC4-970F-46A5-8ECE-02E8B6019E94}.Debug|Any CPU.Build.0 = Debug|Any CPU
		{C1A60FC4-970F-46A5-8ECE-02E8B6019E94}.Release|Any CPU.ActiveCfg = Release|Any CPU
		{C1A60FC4-970F-46A5-8ECE-02E8B6019E94}.Release|Any CPU.Build.0 = Release|Any CPU
	EndGlobalSection
	GlobalSection(SolutionProperties) = preSolution
		HideSolutionNode = FALSE
	EndGlobalSection
	GlobalSection(ExtensibilityGlobals) = postSolution
		SolutionGuid = {7A21DD7A-F279-4B9A-8FA0-8BF93A2C2E36}
	EndGlobalSection
EndGlobal
